
Microsoft Visual Studio Solution File, Format Version 12.00
# Visual Studio Version 16
VisualStudioVersion = 16.0.30907.101
MinimumVisualStudioVersion = 10.0.40219.1
Project("{9A19103F-16F7-4668-BE54-9A1E7A4F7556}") = "Entities", "Entities\Entities.csproj", "{0D3B0D00-C333-46FD-BDF1-F68CC34505CB}"
EndProject
Project("{9A19103F-16F7-4668-BE54-9A1E7A4F7556}") = "Business", "Business\Business.csproj", "{270405E4-5648-4E06-A77E-16E1129B1545}"
EndProject
Project("{9A19103F-16F7-4668-BE54-9A1E7A4F7556}") = "DataAccess", "DataAccess\DataAccess.csproj", "{7FC10AEB-7BB7-4B17-808D-8582F85DF919}"
EndProject
Project("{9A19103F-16F7-4668-BE54-9A1E7A4F7556}") = "ConsoleUI", "ConsoleUI\ConsoleUI.csproj", "{FFB93D21-1322-4AA8-9643-2D6B588733B2}"
EndProject
Project("{FAE04EC0-301F-11D3-BF4B-00C04F79EFBC}") = "Core", "Core\Core.csproj", "{DD751C28-BAB6-49CE-90AB-664592CAF538}"
EndProject
Global
	GlobalSection(SolutionConfigurationPlatforms) = preSolution
		Debug|Any CPU = Debug|Any CPU
		Release|Any CPU = Release|Any CPU
	EndGlobalSection
	GlobalSection(ProjectConfigurationPlatforms) = postSolution
		{0D3B0D00-C333-46FD-BDF1-F68CC34505CB}.Debug|Any CPU.ActiveCfg = Debug|Any CPU
		{0D3B0D00-C333-46FD-BDF1-F68CC34505CB}.Debug|Any CPU.Build.0 = Debug|Any CPU
		{0D3B0D00-C333-46FD-BDF1-F68CC34505CB}.Release|Any CPU.ActiveCfg = Release|Any CPU
		{0D3B0D00-C333-46FD-BDF1-F68CC34505CB}.Release|Any CPU.Build.0 = Release|Any CPU
		{270405E4-5648-4E06-A77E-16E1129B1545}.Debug|Any CPU.ActiveCfg = Debug|Any CPU
		{270405E4-5648-4E06-A77E-16E1129B1545}.Debug|Any CPU.Build.0 = Debug|Any CPU
		{270405E4-5648-4E06-A77E-16E1129B1545}.Release|Any CPU.ActiveCfg = Release|Any CPU
		{270405E4-5648-4E06-A77E-16E1129B1545}.Release|Any CPU.Build.0 = Release|Any CPU
		{7FC10AEB-7BB7-4B17-808D-8582F85DF919}.Debug|Any CPU.ActiveCfg = Debug|Any CPU
		{7FC10AEB-7BB7-4B17-808D-8582F85DF919}.Debug|Any CPU.Build.0 = Debug|Any CPU
		{7FC10AEB-7BB7-4B17-808D-8582F85DF919}.Release|Any CPU.ActiveCfg = Release|Any CPU
		{7FC10AEB-7BB7-4B17-808D-8582F85DF919}.Release|Any CPU.Build.0 = Release|Any CPU
		{FFB93D21-1322-4AA8-9643-2D6B588733B2}.Debug|Any CPU.ActiveCfg = Debug|Any CPU
		{FFB93D21-1322-4AA8-9643-2D6B588733B2}.Debug|Any CPU.Build.0 = Debug|Any CPU
		{FFB93D21-1322-4AA8-9643-2D6B588733B2}.Release|Any CPU.ActiveCfg = Release|Any CPU
		{FFB93D21-1322-4AA8-9643-2D6B588733B2}.Release|Any CPU.Build.0 = Release|Any CPU
		{DD751C28-BAB6-49CE-90AB-664592CAF538}.Debug|Any CPU.ActiveCfg = Debug|Any CPU
		{DD751C28-BAB6-49CE-90AB-664592CAF538}.Debug|Any CPU.Build.0 = Debug|Any CPU
		{DD751C28-BAB6-49CE-90AB-664592CAF538}.Release|Any CPU.ActiveCfg = Release|Any CPU
		{DD751C28-BAB6-49CE-90AB-664592CAF538}.Release|Any CPU.Build.0 = Release|Any CPU
	EndGlobalSection
	GlobalSection(SolutionProperties) = preSolution
		HideSolutionNode = FALSE
	EndGlobalSection
	GlobalSection(ExtensibilityGlobals) = postSolution
		SolutionGuid = {100077DE-6349-4D7F-9186-FFAF08277557}
	EndGlobalSection
EndGlobal
